// !$*UTF8*$!
{
	archiveVersion = 1;
	classes = {
	};
	objectVersion = 51;
	objects = {

/* Begin PBXBuildFile section */
		0ED9721F363DF873ABA60D43 /* Pods_CodingChallenge.framework in Frameworks */ = {isa = PBXBuildFile; fileRef = 815A1DD4042B891B3C383B5A /* Pods_CodingChallenge.framework */; };
		2349FD5F261E4F6A00A1FEAA /* Assets.xcassets in Resources */ = {isa = PBXBuildFile; fileRef = 2349FD5E261E4F6A00A1FEAA /* Assets.xcassets */; };
		2349FD62261E4F6A00A1FEAA /* Preview Assets.xcassets in Resources */ = {isa = PBXBuildFile; fileRef = 2349FD61261E4F6A00A1FEAA /* Preview Assets.xcassets */; };
		2349FD6D261E4F6A00A1FEAA /* CodingChallengeTests.swift in Sources */ = {isa = PBXBuildFile; fileRef = 2349FD6C261E4F6A00A1FEAA /* CodingChallengeTests.swift */; };
		2349FD78261E4F6A00A1FEAA /* CodingChallengeUITests.swift in Sources */ = {isa = PBXBuildFile; fileRef = 2349FD77261E4F6A00A1FEAA /* CodingChallengeUITests.swift */; };
		2349FD89261E4F9900A1FEAA /* ShiftsView.swift in Sources */ = {isa = PBXBuildFile; fileRef = 2349FD88261E4F9900A1FEAA /* ShiftsView.swift */; };
		526E039D28114CEB005FA78C /* ShiftsViewState.swift in Sources */ = {isa = PBXBuildFile; fileRef = 526E039C28114CEB005FA78C /* ShiftsViewState.swift */; };
		526E03A028114FA3005FA78C /* ShiftsViewModelPreviewMock.swift in Sources */ = {isa = PBXBuildFile; fileRef = 526E039F28114FA3005FA78C /* ShiftsViewModelPreviewMock.swift */; };
		526E03A32811521C005FA78C /* LoadingView.swift in Sources */ = {isa = PBXBuildFile; fileRef = 526E03A22811521C005FA78C /* LoadingView.swift */; };
		526E03A728115DF8005FA78C /* ShiftsResponseModel.swift in Sources */ = {isa = PBXBuildFile; fileRef = 526E03A628115DF8005FA78C /* ShiftsResponseModel.swift */; };
		526E03A928116566005FA78C /* DailyShiftsResponseModel.swift in Sources */ = {isa = PBXBuildFile; fileRef = 526E03A828116566005FA78C /* DailyShiftsResponseModel.swift */; };
		526E03AB2811659D005FA78C /* ShiftResponseModel.swift in Sources */ = {isa = PBXBuildFile; fileRef = 526E03AA2811659D005FA78C /* ShiftResponseModel.swift */; };
		526E03AD28116686005FA78C /* ShiftFacilityTypeResponseModel.swift in Sources */ = {isa = PBXBuildFile; fileRef = 526E03AC28116686005FA78C /* ShiftFacilityTypeResponseModel.swift */; };
		526E03AF281166F9005FA78C /* ShiftSkillResponseModel.swift in Sources */ = {isa = PBXBuildFile; fileRef = 526E03AE281166F9005FA78C /* ShiftSkillResponseModel.swift */; };
		526E03B12811675F005FA78C /* ShiftLocalizedSpecialtyResponseModel.swift in Sources */ = {isa = PBXBuildFile; fileRef = 526E03B02811675F005FA78C /* ShiftLocalizedSpecialtyResponseModel.swift */; };
		526E03B328116821005FA78C /* ShiftSpecialtyResponseModel.swift in Sources */ = {isa = PBXBuildFile; fileRef = 526E03B228116821005FA78C /* ShiftSpecialtyResponseModel.swift */; };
		526E03B728116C12005FA78C /* GetShiftsRequestModel.swift in Sources */ = {isa = PBXBuildFile; fileRef = 526E03B628116C12005FA78C /* GetShiftsRequestModel.swift */; };
		526E03BA28116E26005FA78C /* CustomDateDecoder.swift in Sources */ = {isa = PBXBuildFile; fileRef = 526E03B928116E26005FA78C /* CustomDateDecoder.swift */; };
		526E03BC28116E67005FA78C /* Date+Extension.swift in Sources */ = {isa = PBXBuildFile; fileRef = 526E03BB28116E67005FA78C /* Date+Extension.swift */; };
		526E03BE28116F99005FA78C /* String+Extension.swift in Sources */ = {isa = PBXBuildFile; fileRef = 526E03BD28116F99005FA78C /* String+Extension.swift */; };
		526E03C128117026005FA78C /* JSONCoder.swift in Sources */ = {isa = PBXBuildFile; fileRef = 526E03C028117026005FA78C /* JSONCoder.swift */; };
		526E03C4281170E5005FA78C /* ParametersConvertible.swift in Sources */ = {isa = PBXBuildFile; fileRef = 526E03C3281170E5005FA78C /* ParametersConvertible.swift */; };
		526E03C628117146005FA78C /* Encodable+Extension.swift in Sources */ = {isa = PBXBuildFile; fileRef = 526E03C528117146005FA78C /* Encodable+Extension.swift */; };
		526E03C8281171FC005FA78C /* QueryEncodableRequest.swift in Sources */ = {isa = PBXBuildFile; fileRef = 526E03C7281171FC005FA78C /* QueryEncodableRequest.swift */; };
		526E03CC2811C6C9005FA78C /* ShiftListCellView.swift in Sources */ = {isa = PBXBuildFile; fileRef = 526E03CB2811C6C9005FA78C /* ShiftListCellView.swift */; };
		526E03CE2811C769005FA78C /* Colors.xcassets in Resources */ = {isa = PBXBuildFile; fileRef = 526E03CD2811C769005FA78C /* Colors.xcassets */; };
		526E03D02811CE0D005FA78C /* Color+Extension.swift in Sources */ = {isa = PBXBuildFile; fileRef = 526E03CF2811CE0D005FA78C /* Color+Extension.swift */; };
		526E03D22811FE78005FA78C /* ErrorView.swift in Sources */ = {isa = PBXBuildFile; fileRef = 526E03D12811FE78005FA78C /* ErrorView.swift */; };
		526E03D528120486005FA78C /* ImageResource+Extension.swift in Sources */ = {isa = PBXBuildFile; fileRef = 526E03D428120486005FA78C /* ImageResource+Extension.swift */; };
		526E03D82812F0E3005FA78C /* ShiftDetailsViewModel.swift in Sources */ = {isa = PBXBuildFile; fileRef = 526E03D72812F0E3005FA78C /* ShiftDetailsViewModel.swift */; };
		526E03DB2812F507005FA78C /* ShiftDetailsView.swift in Sources */ = {isa = PBXBuildFile; fileRef = 526E03DA2812F507005FA78C /* ShiftDetailsView.swift */; };
		526E03DD2812F642005FA78C /* ShiftDetailsViewModelPreviewMock.swift in Sources */ = {isa = PBXBuildFile; fileRef = 526E03DC2812F642005FA78C /* ShiftDetailsViewModelPreviewMock.swift */; };
		526E03DF2812FB7D005FA78C /* InformationRowView.swift in Sources */ = {isa = PBXBuildFile; fileRef = 526E03DE2812FB7D005FA78C /* InformationRowView.swift */; };
		526E03E12812FDD7005FA78C /* ColorResource+Extension.swift in Sources */ = {isa = PBXBuildFile; fileRef = 526E03E02812FDD7005FA78C /* ColorResource+Extension.swift */; };
		526E03E528143923005FA78C /* ShiftModuleFactoryMock.swift in Sources */ = {isa = PBXBuildFile; fileRef = 526E03E428143923005FA78C /* ShiftModuleFactoryMock.swift */; };
		526E03E728144ACB005FA78C /* ShiftType.swift in Sources */ = {isa = PBXBuildFile; fileRef = 526E03E628144ACB005FA78C /* ShiftType.swift */; };
		52A3F765280DD3980012277E /* NetworkConstants.swift in Sources */ = {isa = PBXBuildFile; fileRef = 52A3F764280DD3980012277E /* NetworkConstants.swift */; };
		52A3F769280DD57E0012277E /* NetworkService.swift in Sources */ = {isa = PBXBuildFile; fileRef = 52A3F768280DD57E0012277E /* NetworkService.swift */; };
		52A3F76E280DD6350012277E /* ShiftEndpoints.swift in Sources */ = {isa = PBXBuildFile; fileRef = 52A3F76D280DD6350012277E /* ShiftEndpoints.swift */; };
		52A3F770280DD6ED0012277E /* Endpoint.swift in Sources */ = {isa = PBXBuildFile; fileRef = 52A3F76F280DD6ED0012277E /* Endpoint.swift */; };
		52A3F774280DD7D90012277E /* HTTPMethod.swift in Sources */ = {isa = PBXBuildFile; fileRef = 52A3F773280DD7D90012277E /* HTTPMethod.swift */; };
		52A3F7792810233A0012277E /* Error+Extension.swift in Sources */ = {isa = PBXBuildFile; fileRef = 52A3F7782810233A0012277E /* Error+Extension.swift */; };
		52A3F77C281023A80012277E /* ServerError.swift in Sources */ = {isa = PBXBuildFile; fileRef = 52A3F77B281023A80012277E /* ServerError.swift */; };
		52A3F77E281023ED0012277E /* FailedResponse.swift in Sources */ = {isa = PBXBuildFile; fileRef = 52A3F77D281023ED0012277E /* FailedResponse.swift */; };
		52A3F7842810273D0012277E /* HTTPStatusCodes.swift in Sources */ = {isa = PBXBuildFile; fileRef = 52A3F7832810273D0012277E /* HTTPStatusCodes.swift */; };
		52A3F78628102BD70012277E /* Localizable.strings in Resources */ = {isa = PBXBuildFile; fileRef = 52A3F78528102BD70012277E /* Localizable.strings */; };
		52A3F78C28102CF50012277E /* Typealiases.swift in Sources */ = {isa = PBXBuildFile; fileRef = 52A3F78B28102CF50012277E /* Typealiases.swift */; };
		52A3F7962810569E0012277E /* R.generated.swift in Sources */ = {isa = PBXBuildFile; fileRef = 52A3F7952810569E0012277E /* R.generated.swift */; };
		52A3F79928105ABD0012277E /* ShiftRepository.swift in Sources */ = {isa = PBXBuildFile; fileRef = 52A3F79828105ABD0012277E /* ShiftRepository.swift */; };
		52A3F79D28105D7D0012277E /* Assembler.swift in Sources */ = {isa = PBXBuildFile; fileRef = 52A3F79C28105D7D0012277E /* Assembler.swift */; };
		52A3F7A2281093A90012277E /* NetworkServicesAssembly.swift in Sources */ = {isa = PBXBuildFile; fileRef = 52A3F7A1281093A90012277E /* NetworkServicesAssembly.swift */; };
		52A3F7A4281094E60012277E /* RepositoriesAssembly.swift in Sources */ = {isa = PBXBuildFile; fileRef = 52A3F7A3281094E60012277E /* RepositoriesAssembly.swift */; };
		52A3F7A6281095B00012277E /* AppDelegate.swift in Sources */ = {isa = PBXBuildFile; fileRef = 52A3F7A5281095B00012277E /* AppDelegate.swift */; };
		52A3F7A8281095F70012277E /* SceneDelegate.swift in Sources */ = {isa = PBXBuildFile; fileRef = 52A3F7A7281095F70012277E /* SceneDelegate.swift */; };
		52A3F7AA281097650012277E /* WindowController.swift in Sources */ = {isa = PBXBuildFile; fileRef = 52A3F7A9281097650012277E /* WindowController.swift */; };
		52A3F7AE2810983E0012277E /* DIFactory.swift in Sources */ = {isa = PBXBuildFile; fileRef = 52A3F7AD2810983E0012277E /* DIFactory.swift */; };
		52A3F7B1281098B10012277E /* ShiftModuleFactory.swift in Sources */ = {isa = PBXBuildFile; fileRef = 52A3F7B0281098B10012277E /* ShiftModuleFactory.swift */; };
		52A3F7B4281099580012277E /* HostingController.swift in Sources */ = {isa = PBXBuildFile; fileRef = 52A3F7B3281099580012277E /* HostingController.swift */; };
		52A3F7B7281099C30012277E /* View+Extension.swift in Sources */ = {isa = PBXBuildFile; fileRef = 52A3F7B6281099C30012277E /* View+Extension.swift */; };
		52A3F7BD28109A720012277E /* ModuleFactoriesAssembly.swift in Sources */ = {isa = PBXBuildFile; fileRef = 52A3F7BC28109A720012277E /* ModuleFactoriesAssembly.swift */; };
		52A3F7BF28109B200012277E /* AppModuleAssembly.swift in Sources */ = {isa = PBXBuildFile; fileRef = 52A3F7BE28109B200012277E /* AppModuleAssembly.swift */; };
		52A3F7C22810A6470012277E /* ShiftsViewModel.swift in Sources */ = {isa = PBXBuildFile; fileRef = 52A3F7C12810A6470012277E /* ShiftsViewModel.swift */; };
		D6651DD9E32CCA8F72663E22 /* Pods_CodingChallengeTests.framework in Frameworks */ = {isa = PBXBuildFile; fileRef = 4623F770127EF60BA4AA070B /* Pods_CodingChallengeTests.framework */; };
		F313DB1320ED58F402336AD4 /* Pods_CodingChallenge_CodingChallengeUITests.framework in Frameworks */ = {isa = PBXBuildFile; fileRef = 345EE0F7D206300D18E2505D /* Pods_CodingChallenge_CodingChallengeUITests.framework */; };
/* End PBXBuildFile section */

/* Begin PBXContainerItemProxy section */
		2349FD69261E4F6A00A1FEAA /* PBXContainerItemProxy */ = {
			isa = PBXContainerItemProxy;
			containerPortal = 2349FD4F261E4F6900A1FEAA /* Project object */;
			proxyType = 1;
			remoteGlobalIDString = 2349FD56261E4F6900A1FEAA;
			remoteInfo = CodingChallenge;
		};
		2349FD74261E4F6A00A1FEAA /* PBXContainerItemProxy */ = {
			isa = PBXContainerItemProxy;
			containerPortal = 2349FD4F261E4F6900A1FEAA /* Project object */;
			proxyType = 1;
			remoteGlobalIDString = 2349FD56261E4F6900A1FEAA;
			remoteInfo = CodingChallenge;
		};
/* End PBXContainerItemProxy section */

/* Begin PBXFileReference section */
		2349FD57261E4F6900A1FEAA /* CodingChallenge.app */ = {isa = PBXFileReference; explicitFileType = wrapper.application; includeInIndex = 0; path = CodingChallenge.app; sourceTree = BUILT_PRODUCTS_DIR; };
		2349FD5E261E4F6A00A1FEAA /* Assets.xcassets */ = {isa = PBXFileReference; lastKnownFileType = folder.assetcatalog; path = Assets.xcassets; sourceTree = "<group>"; };
		2349FD61261E4F6A00A1FEAA /* Preview Assets.xcassets */ = {isa = PBXFileReference; lastKnownFileType = folder.assetcatalog; path = "Preview Assets.xcassets"; sourceTree = "<group>"; };
		2349FD63261E4F6A00A1FEAA /* Info.plist */ = {isa = PBXFileReference; lastKnownFileType = text.plist.xml; path = Info.plist; sourceTree = "<group>"; };
		2349FD68261E4F6A00A1FEAA /* CodingChallengeTests.xctest */ = {isa = PBXFileReference; explicitFileType = wrapper.cfbundle; includeInIndex = 0; path = CodingChallengeTests.xctest; sourceTree = BUILT_PRODUCTS_DIR; };
		2349FD6C261E4F6A00A1FEAA /* CodingChallengeTests.swift */ = {isa = PBXFileReference; lastKnownFileType = sourcecode.swift; path = CodingChallengeTests.swift; sourceTree = "<group>"; };
		2349FD6E261E4F6A00A1FEAA /* Info.plist */ = {isa = PBXFileReference; lastKnownFileType = text.plist.xml; path = Info.plist; sourceTree = "<group>"; };
		2349FD73261E4F6A00A1FEAA /* CodingChallengeUITests.xctest */ = {isa = PBXFileReference; explicitFileType = wrapper.cfbundle; includeInIndex = 0; path = CodingChallengeUITests.xctest; sourceTree = BUILT_PRODUCTS_DIR; };
		2349FD77261E4F6A00A1FEAA /* CodingChallengeUITests.swift */ = {isa = PBXFileReference; lastKnownFileType = sourcecode.swift; path = CodingChallengeUITests.swift; sourceTree = "<group>"; };
		2349FD79261E4F6A00A1FEAA /* Info.plist */ = {isa = PBXFileReference; lastKnownFileType = text.plist.xml; path = Info.plist; sourceTree = "<group>"; };
		2349FD88261E4F9900A1FEAA /* ShiftsView.swift */ = {isa = PBXFileReference; lastKnownFileType = sourcecode.swift; path = ShiftsView.swift; sourceTree = "<group>"; };
		26EE87A609785FF88FBA1866 /* Pods-CodingChallenge.debug.xcconfig */ = {isa = PBXFileReference; includeInIndex = 1; lastKnownFileType = text.xcconfig; name = "Pods-CodingChallenge.debug.xcconfig"; path = "Target Support Files/Pods-CodingChallenge/Pods-CodingChallenge.debug.xcconfig"; sourceTree = "<group>"; };
		290D53AD26FF6AD8E5E5F368 /* Pods-CodingChallengeTests.release.xcconfig */ = {isa = PBXFileReference; includeInIndex = 1; lastKnownFileType = text.xcconfig; name = "Pods-CodingChallengeTests.release.xcconfig"; path = "Target Support Files/Pods-CodingChallengeTests/Pods-CodingChallengeTests.release.xcconfig"; sourceTree = "<group>"; };
		2D23BB9DF8765BA43A5AAE95 /* Pods-CodingChallenge.release.xcconfig */ = {isa = PBXFileReference; includeInIndex = 1; lastKnownFileType = text.xcconfig; name = "Pods-CodingChallenge.release.xcconfig"; path = "Target Support Files/Pods-CodingChallenge/Pods-CodingChallenge.release.xcconfig"; sourceTree = "<group>"; };
		345EE0F7D206300D18E2505D /* Pods_CodingChallenge_CodingChallengeUITests.framework */ = {isa = PBXFileReference; explicitFileType = wrapper.framework; includeInIndex = 0; path = Pods_CodingChallenge_CodingChallengeUITests.framework; sourceTree = BUILT_PRODUCTS_DIR; };
		4623F770127EF60BA4AA070B /* Pods_CodingChallengeTests.framework */ = {isa = PBXFileReference; explicitFileType = wrapper.framework; includeInIndex = 0; path = Pods_CodingChallengeTests.framework; sourceTree = BUILT_PRODUCTS_DIR; };
		47A72548288882C1373F2779 /* Pods-CodingChallenge-CodingChallengeUITests.release.xcconfig */ = {isa = PBXFileReference; includeInIndex = 1; lastKnownFileType = text.xcconfig; name = "Pods-CodingChallenge-CodingChallengeUITests.release.xcconfig"; path = "Target Support Files/Pods-CodingChallenge-CodingChallengeUITests/Pods-CodingChallenge-CodingChallengeUITests.release.xcconfig"; sourceTree = "<group>"; };
		526E039C28114CEB005FA78C /* ShiftsViewState.swift */ = {isa = PBXFileReference; lastKnownFileType = sourcecode.swift; path = ShiftsViewState.swift; sourceTree = "<group>"; };
		526E039F28114FA3005FA78C /* ShiftsViewModelPreviewMock.swift */ = {isa = PBXFileReference; lastKnownFileType = sourcecode.swift; path = ShiftsViewModelPreviewMock.swift; sourceTree = "<group>"; };
		526E03A22811521C005FA78C /* LoadingView.swift */ = {isa = PBXFileReference; lastKnownFileType = sourcecode.swift; path = LoadingView.swift; sourceTree = "<group>"; };
		526E03A628115DF8005FA78C /* ShiftsResponseModel.swift */ = {isa = PBXFileReference; lastKnownFileType = sourcecode.swift; path = ShiftsResponseModel.swift; sourceTree = "<group>"; };
		526E03A828116566005FA78C /* DailyShiftsResponseModel.swift */ = {isa = PBXFileReference; lastKnownFileType = sourcecode.swift; path = DailyShiftsResponseModel.swift; sourceTree = "<group>"; };
		526E03AA2811659D005FA78C /* ShiftResponseModel.swift */ = {isa = PBXFileReference; lastKnownFileType = sourcecode.swift; path = ShiftResponseModel.swift; sourceTree = "<group>"; };
		526E03AC28116686005FA78C /* ShiftFacilityTypeResponseModel.swift */ = {isa = PBXFileReference; lastKnownFileType = sourcecode.swift; path = ShiftFacilityTypeResponseModel.swift; sourceTree = "<group>"; };
		526E03AE281166F9005FA78C /* ShiftSkillResponseModel.swift */ = {isa = PBXFileReference; lastKnownFileType = sourcecode.swift; path = ShiftSkillResponseModel.swift; sourceTree = "<group>"; };
		526E03B02811675F005FA78C /* ShiftLocalizedSpecialtyResponseModel.swift */ = {isa = PBXFileReference; lastKnownFileType = sourcecode.swift; path = ShiftLocalizedSpecialtyResponseModel.swift; sourceTree = "<group>"; };
		526E03B228116821005FA78C /* ShiftSpecialtyResponseModel.swift */ = {isa = PBXFileReference; lastKnownFileType = sourcecode.swift; path = ShiftSpecialtyResponseModel.swift; sourceTree = "<group>"; };
		526E03B628116C12005FA78C /* GetShiftsRequestModel.swift */ = {isa = PBXFileReference; lastKnownFileType = sourcecode.swift; path = GetShiftsRequestModel.swift; sourceTree = "<group>"; };
		526E03B928116E26005FA78C /* CustomDateDecoder.swift */ = {isa = PBXFileReference; lastKnownFileType = sourcecode.swift; path = CustomDateDecoder.swift; sourceTree = "<group>"; };
		526E03BB28116E67005FA78C /* Date+Extension.swift */ = {isa = PBXFileReference; lastKnownFileType = sourcecode.swift; path = "Date+Extension.swift"; sourceTree = "<group>"; };
		526E03BD28116F99005FA78C /* String+Extension.swift */ = {isa = PBXFileReference; lastKnownFileType = sourcecode.swift; path = "String+Extension.swift"; sourceTree = "<group>"; };
		526E03C028117026005FA78C /* JSONCoder.swift */ = {isa = PBXFileReference; lastKnownFileType = sourcecode.swift; path = JSONCoder.swift; sourceTree = "<group>"; };
		526E03C3281170E5005FA78C /* ParametersConvertible.swift */ = {isa = PBXFileReference; lastKnownFileType = sourcecode.swift; path = ParametersConvertible.swift; sourceTree = "<group>"; };
		526E03C528117146005FA78C /* Encodable+Extension.swift */ = {isa = PBXFileReference; lastKnownFileType = sourcecode.swift; path = "Encodable+Extension.swift"; sourceTree = "<group>"; };
		526E03C7281171FC005FA78C /* QueryEncodableRequest.swift */ = {isa = PBXFileReference; lastKnownFileType = sourcecode.swift; path = QueryEncodableRequest.swift; sourceTree = "<group>"; };
		526E03CB2811C6C9005FA78C /* ShiftListCellView.swift */ = {isa = PBXFileReference; lastKnownFileType = sourcecode.swift; path = ShiftListCellView.swift; sourceTree = "<group>"; };
		526E03CD2811C769005FA78C /* Colors.xcassets */ = {isa = PBXFileReference; lastKnownFileType = folder.assetcatalog; path = Colors.xcassets; sourceTree = "<group>"; };
		526E03CF2811CE0D005FA78C /* Color+Extension.swift */ = {isa = PBXFileReference; lastKnownFileType = sourcecode.swift; path = "Color+Extension.swift"; sourceTree = "<group>"; };
		526E03D12811FE78005FA78C /* ErrorView.swift */ = {isa = PBXFileReference; lastKnownFileType = sourcecode.swift; path = ErrorView.swift; sourceTree = "<group>"; };
		526E03D428120486005FA78C /* ImageResource+Extension.swift */ = {isa = PBXFileReference; lastKnownFileType = sourcecode.swift; path = "ImageResource+Extension.swift"; sourceTree = "<group>"; };
		526E03D72812F0E3005FA78C /* ShiftDetailsViewModel.swift */ = {isa = PBXFileReference; lastKnownFileType = sourcecode.swift; path = ShiftDetailsViewModel.swift; sourceTree = "<group>"; };
		526E03DA2812F507005FA78C /* ShiftDetailsView.swift */ = {isa = PBXFileReference; lastKnownFileType = sourcecode.swift; path = ShiftDetailsView.swift; sourceTree = "<group>"; };
		526E03DC2812F642005FA78C /* ShiftDetailsViewModelPreviewMock.swift */ = {isa = PBXFileReference; lastKnownFileType = sourcecode.swift; path = ShiftDetailsViewModelPreviewMock.swift; sourceTree = "<group>"; };
		526E03DE2812FB7D005FA78C /* InformationRowView.swift */ = {isa = PBXFileReference; lastKnownFileType = sourcecode.swift; path = InformationRowView.swift; sourceTree = "<group>"; };
		526E03E02812FDD7005FA78C /* ColorResource+Extension.swift */ = {isa = PBXFileReference; lastKnownFileType = sourcecode.swift; path = "ColorResource+Extension.swift"; sourceTree = "<group>"; };
		526E03E428143923005FA78C /* ShiftModuleFactoryMock.swift */ = {isa = PBXFileReference; lastKnownFileType = sourcecode.swift; path = ShiftModuleFactoryMock.swift; sourceTree = "<group>"; };
		526E03E628144ACB005FA78C /* ShiftType.swift */ = {isa = PBXFileReference; lastKnownFileType = sourcecode.swift; path = ShiftType.swift; sourceTree = "<group>"; };
		52A3F764280DD3980012277E /* NetworkConstants.swift */ = {isa = PBXFileReference; lastKnownFileType = sourcecode.swift; path = NetworkConstants.swift; sourceTree = "<group>"; };
		52A3F768280DD57E0012277E /* NetworkService.swift */ = {isa = PBXFileReference; lastKnownFileType = sourcecode.swift; path = NetworkService.swift; sourceTree = "<group>"; };
		52A3F76D280DD6350012277E /* ShiftEndpoints.swift */ = {isa = PBXFileReference; lastKnownFileType = sourcecode.swift; path = ShiftEndpoints.swift; sourceTree = "<group>"; };
		52A3F76F280DD6ED0012277E /* Endpoint.swift */ = {isa = PBXFileReference; lastKnownFileType = sourcecode.swift; path = Endpoint.swift; sourceTree = "<group>"; };
		52A3F773280DD7D90012277E /* HTTPMethod.swift */ = {isa = PBXFileReference; lastKnownFileType = sourcecode.swift; path = HTTPMethod.swift; sourceTree = "<group>"; };
		52A3F7782810233A0012277E /* Error+Extension.swift */ = {isa = PBXFileReference; lastKnownFileType = sourcecode.swift; path = "Error+Extension.swift"; sourceTree = "<group>"; };
		52A3F77B281023A80012277E /* ServerError.swift */ = {isa = PBXFileReference; lastKnownFileType = sourcecode.swift; path = ServerError.swift; sourceTree = "<group>"; };
		52A3F77D281023ED0012277E /* FailedResponse.swift */ = {isa = PBXFileReference; lastKnownFileType = sourcecode.swift; path = FailedResponse.swift; sourceTree = "<group>"; };
		52A3F7832810273D0012277E /* HTTPStatusCodes.swift */ = {isa = PBXFileReference; lastKnownFileType = sourcecode.swift; path = HTTPStatusCodes.swift; sourceTree = "<group>"; };
		52A3F78528102BD70012277E /* Localizable.strings */ = {isa = PBXFileReference; lastKnownFileType = text.plist.strings; name = Localizable.strings; path = CodingChallenge/Resources/Localizable.strings; sourceTree = SOURCE_ROOT; };
		52A3F78B28102CF50012277E /* Typealiases.swift */ = {isa = PBXFileReference; lastKnownFileType = sourcecode.swift; path = Typealiases.swift; sourceTree = "<group>"; };
		52A3F7952810569E0012277E /* R.generated.swift */ = {isa = PBXFileReference; fileEncoding = 4; lastKnownFileType = sourcecode.swift; path = R.generated.swift; sourceTree = "<group>"; };
		52A3F79828105ABD0012277E /* ShiftRepository.swift */ = {isa = PBXFileReference; lastKnownFileType = sourcecode.swift; path = ShiftRepository.swift; sourceTree = "<group>"; };
		52A3F79C28105D7D0012277E /* Assembler.swift */ = {isa = PBXFileReference; lastKnownFileType = sourcecode.swift; path = Assembler.swift; sourceTree = "<group>"; };
		52A3F7A1281093A90012277E /* NetworkServicesAssembly.swift */ = {isa = PBXFileReference; lastKnownFileType = sourcecode.swift; path = NetworkServicesAssembly.swift; sourceTree = "<group>"; };
		52A3F7A3281094E60012277E /* RepositoriesAssembly.swift */ = {isa = PBXFileReference; lastKnownFileType = sourcecode.swift; path = RepositoriesAssembly.swift; sourceTree = "<group>"; };
		52A3F7A5281095B00012277E /* AppDelegate.swift */ = {isa = PBXFileReference; lastKnownFileType = sourcecode.swift; path = AppDelegate.swift; sourceTree = "<group>"; };
		52A3F7A7281095F70012277E /* SceneDelegate.swift */ = {isa = PBXFileReference; lastKnownFileType = sourcecode.swift; path = SceneDelegate.swift; sourceTree = "<group>"; };
		52A3F7A9281097650012277E /* WindowController.swift */ = {isa = PBXFileReference; lastKnownFileType = sourcecode.swift; path = WindowController.swift; sourceTree = "<group>"; };
		52A3F7AD2810983E0012277E /* DIFactory.swift */ = {isa = PBXFileReference; lastKnownFileType = sourcecode.swift; path = DIFactory.swift; sourceTree = "<group>"; };
		52A3F7B0281098B10012277E /* ShiftModuleFactory.swift */ = {isa = PBXFileReference; lastKnownFileType = sourcecode.swift; path = ShiftModuleFactory.swift; sourceTree = "<group>"; };
		52A3F7B3281099580012277E /* HostingController.swift */ = {isa = PBXFileReference; lastKnownFileType = sourcecode.swift; path = HostingController.swift; sourceTree = "<group>"; };
		52A3F7B6281099C30012277E /* View+Extension.swift */ = {isa = PBXFileReference; lastKnownFileType = sourcecode.swift; path = "View+Extension.swift"; sourceTree = "<group>"; };
		52A3F7BC28109A720012277E /* ModuleFactoriesAssembly.swift */ = {isa = PBXFileReference; lastKnownFileType = sourcecode.swift; path = ModuleFactoriesAssembly.swift; sourceTree = "<group>"; };
		52A3F7BE28109B200012277E /* AppModuleAssembly.swift */ = {isa = PBXFileReference; lastKnownFileType = sourcecode.swift; path = AppModuleAssembly.swift; sourceTree = "<group>"; };
		52A3F7C12810A6470012277E /* ShiftsViewModel.swift */ = {isa = PBXFileReference; lastKnownFileType = sourcecode.swift; path = ShiftsViewModel.swift; sourceTree = "<group>"; };
		579C520C10E2A11C529D62D0 /* Pods-CodingChallengeTests.debug.xcconfig */ = {isa = PBXFileReference; includeInIndex = 1; lastKnownFileType = text.xcconfig; name = "Pods-CodingChallengeTests.debug.xcconfig"; path = "Target Support Files/Pods-CodingChallengeTests/Pods-CodingChallengeTests.debug.xcconfig"; sourceTree = "<group>"; };
		815A1DD4042B891B3C383B5A /* Pods_CodingChallenge.framework */ = {isa = PBXFileReference; explicitFileType = wrapper.framework; includeInIndex = 0; path = Pods_CodingChallenge.framework; sourceTree = BUILT_PRODUCTS_DIR; };
		F9A3830ABC95EF1621B48551 /* Pods-CodingChallenge-CodingChallengeUITests.debug.xcconfig */ = {isa = PBXFileReference; includeInIndex = 1; lastKnownFileType = text.xcconfig; name = "Pods-CodingChallenge-CodingChallengeUITests.debug.xcconfig"; path = "Target Support Files/Pods-CodingChallenge-CodingChallengeUITests/Pods-CodingChallenge-CodingChallengeUITests.debug.xcconfig"; sourceTree = "<group>"; };
/* End PBXFileReference section */

/* Begin PBXFrameworksBuildPhase section */
		2349FD54261E4F6900A1FEAA /* Frameworks */ = {
			isa = PBXFrameworksBuildPhase;
			buildActionMask = 2147483647;
			files = (
				0ED9721F363DF873ABA60D43 /* Pods_CodingChallenge.framework in Frameworks */,
			);
			runOnlyForDeploymentPostprocessing = 0;
		};
		2349FD65261E4F6A00A1FEAA /* Frameworks */ = {
			isa = PBXFrameworksBuildPhase;
			buildActionMask = 2147483647;
			files = (
				D6651DD9E32CCA8F72663E22 /* Pods_CodingChallengeTests.framework in Frameworks */,
			);
			runOnlyForDeploymentPostprocessing = 0;
		};
		2349FD70261E4F6A00A1FEAA /* Frameworks */ = {
			isa = PBXFrameworksBuildPhase;
			buildActionMask = 2147483647;
			files = (
				F313DB1320ED58F402336AD4 /* Pods_CodingChallenge_CodingChallengeUITests.framework in Frameworks */,
			);
			runOnlyForDeploymentPostprocessing = 0;
		};
/* End PBXFrameworksBuildPhase section */

/* Begin PBXGroup section */
		117874DE12A7AF65A45AB5FE /* Frameworks */ = {
			isa = PBXGroup;
			children = (
				815A1DD4042B891B3C383B5A /* Pods_CodingChallenge.framework */,
				345EE0F7D206300D18E2505D /* Pods_CodingChallenge_CodingChallengeUITests.framework */,
				4623F770127EF60BA4AA070B /* Pods_CodingChallengeTests.framework */,
			);
			name = Frameworks;
			sourceTree = "<group>";
		};
		2349FD4E261E4F6900A1FEAA = {
			isa = PBXGroup;
			children = (
				2349FD59261E4F6900A1FEAA /* CodingChallenge */,
				2349FD6B261E4F6A00A1FEAA /* CodingChallengeTests */,
				2349FD76261E4F6A00A1FEAA /* CodingChallengeUITests */,
				2349FD58261E4F6900A1FEAA /* Products */,
				57B11775E8AB6E3527D14036 /* Pods */,
				117874DE12A7AF65A45AB5FE /* Frameworks */,
			);
			sourceTree = "<group>";
		};
		2349FD58261E4F6900A1FEAA /* Products */ = {
			isa = PBXGroup;
			children = (
				2349FD57261E4F6900A1FEAA /* CodingChallenge.app */,
				2349FD68261E4F6A00A1FEAA /* CodingChallengeTests.xctest */,
				2349FD73261E4F6A00A1FEAA /* CodingChallengeUITests.xctest */,
			);
			name = Products;
			sourceTree = "<group>";
		};
		2349FD59261E4F6900A1FEAA /* CodingChallenge */ = {
			isa = PBXGroup;
			children = (
				52A3F79A28105D530012277E /* Application */,
				521D8981280DCF2600D48DE7 /* Data */,
				521D8982280DCF3000D48DE7 /* Domain */,
				521D8983280DCF3600D48DE7 /* Presentation */,
				52A3F78728102BE70012277E /* Resources */,
				52A3F77F281024990012277E /* Shared */,
			);
			path = CodingChallenge;
			sourceTree = "<group>";
		};
		2349FD60261E4F6A00A1FEAA /* Preview Content */ = {
			isa = PBXGroup;
			children = (
				2349FD61261E4F6A00A1FEAA /* Preview Assets.xcassets */,
			);
			path = "Preview Content";
			sourceTree = "<group>";
		};
		2349FD6B261E4F6A00A1FEAA /* CodingChallengeTests */ = {
			isa = PBXGroup;
			children = (
				2349FD6C261E4F6A00A1FEAA /* CodingChallengeTests.swift */,
				2349FD6E261E4F6A00A1FEAA /* Info.plist */,
			);
			path = CodingChallengeTests;
			sourceTree = "<group>";
		};
		2349FD76261E4F6A00A1FEAA /* CodingChallengeUITests */ = {
			isa = PBXGroup;
			children = (
				2349FD77261E4F6A00A1FEAA /* CodingChallengeUITests.swift */,
				2349FD79261E4F6A00A1FEAA /* Info.plist */,
			);
			path = CodingChallengeUITests;
			sourceTree = "<group>";
		};
		521D8981280DCF2600D48DE7 /* Data */ = {
			isa = PBXGroup;
			children = (
				526E03B828116E11005FA78C /* Enums */,
				52A3F766280DD4540012277E /* Models */,
				521D8984280DCF4B00D48DE7 /* Networking */,
			);
			path = Data;
			sourceTree = "<group>";
		};
		521D8982280DCF3000D48DE7 /* Domain */ = {
			isa = PBXGroup;
			children = (
				526E03C928117B53005FA78C /* Models */,
				52A3F79728105A8D0012277E /* Repositories */,
			);
			path = Domain;
			sourceTree = "<group>";
		};
		521D8983280DCF3600D48DE7 /* Presentation */ = {
			isa = PBXGroup;
			children = (
				526E03A128115213005FA78C /* Common */,
				526E039E28114F8E005FA78C /* PreviewMocks */,
				52A3F7B828109A130012277E /* Modules */,
				52A3F7B22810994B0012277E /* Helpers */,
			);
			path = Presentation;
			sourceTree = "<group>";
		};
		521D8984280DCF4B00D48DE7 /* Networking */ = {
			isa = PBXGroup;
			children = (
				52A3F76A280DD60A0012277E /* Constants */,
				52A3F76C280DD61A0012277E /* Endpoints */,
				52A3F772280DD7C10012277E /* Enums */,
				52A3F77A281023880012277E /* Errors */,
				52A3F768280DD57E0012277E /* NetworkService.swift */,
			);
			path = Networking;
			sourceTree = "<group>";
		};
		526E039E28114F8E005FA78C /* PreviewMocks */ = {
			isa = PBXGroup;
			children = (
				526E039F28114FA3005FA78C /* ShiftsViewModelPreviewMock.swift */,
				526E03DC2812F642005FA78C /* ShiftDetailsViewModelPreviewMock.swift */,
				526E03E428143923005FA78C /* ShiftModuleFactoryMock.swift */,
			);
			path = PreviewMocks;
			sourceTree = "<group>";
		};
		526E03A128115213005FA78C /* Common */ = {
			isa = PBXGroup;
			children = (
				526E03A22811521C005FA78C /* LoadingView.swift */,
				526E03D12811FE78005FA78C /* ErrorView.swift */,
			);
			path = Common;
			sourceTree = "<group>";
		};
		526E03B428116BEF005FA78C /* Response */ = {
			isa = PBXGroup;
			children = (
				526E03A628115DF8005FA78C /* ShiftsResponseModel.swift */,
				526E03A828116566005FA78C /* DailyShiftsResponseModel.swift */,
				526E03AA2811659D005FA78C /* ShiftResponseModel.swift */,
				526E03AC28116686005FA78C /* ShiftFacilityTypeResponseModel.swift */,
				526E03AE281166F9005FA78C /* ShiftSkillResponseModel.swift */,
				526E03B228116821005FA78C /* ShiftSpecialtyResponseModel.swift */,
				526E03B02811675F005FA78C /* ShiftLocalizedSpecialtyResponseModel.swift */,
			);
			path = Response;
			sourceTree = "<group>";
		};
		526E03B528116BF9005FA78C /* Request */ = {
			isa = PBXGroup;
			children = (
				526E03B628116C12005FA78C /* GetShiftsRequestModel.swift */,
			);
			path = Request;
			sourceTree = "<group>";
		};
		526E03B828116E11005FA78C /* Enums */ = {
			isa = PBXGroup;
			children = (
				526E03B928116E26005FA78C /* CustomDateDecoder.swift */,
				526E03C028117026005FA78C /* JSONCoder.swift */,
				526E03E628144ACB005FA78C /* ShiftType.swift */,
			);
			path = Enums;
			sourceTree = "<group>";
		};
		526E03C2281170D5005FA78C /* Protocols */ = {
			isa = PBXGroup;
			children = (
				526E03C3281170E5005FA78C /* ParametersConvertible.swift */,
				526E03C7281171FC005FA78C /* QueryEncodableRequest.swift */,
			);
			path = Protocols;
			sourceTree = "<group>";
		};
		526E03C928117B53005FA78C /* Models */ = {
			isa = PBXGroup;
			children = (
			);
			path = Models;
			sourceTree = "<group>";
		};
		526E03CA2811C6AF005FA78C /* Views */ = {
			isa = PBXGroup;
			children = (
				526E03CB2811C6C9005FA78C /* ShiftListCellView.swift */,
				2349FD88261E4F9900A1FEAA /* ShiftsView.swift */,
			);
			path = Views;
			sourceTree = "<group>";
		};
		526E03D62812DF6B005FA78C /* ShiftDetails */ = {
			isa = PBXGroup;
			children = (
				526E03D92812F193005FA78C /* Views */,
				526E03D72812F0E3005FA78C /* ShiftDetailsViewModel.swift */,
			);
			path = ShiftDetails;
			sourceTree = "<group>";
		};
		526E03D92812F193005FA78C /* Views */ = {
			isa = PBXGroup;
			children = (
				526E03DE2812FB7D005FA78C /* InformationRowView.swift */,
				526E03DA2812F507005FA78C /* ShiftDetailsView.swift */,
			);
			path = Views;
			sourceTree = "<group>";
		};
		52A3F766280DD4540012277E /* Models */ = {
			isa = PBXGroup;
			children = (
				526E03C2281170D5005FA78C /* Protocols */,
				526E03B528116BF9005FA78C /* Request */,
				526E03B428116BEF005FA78C /* Response */,
			);
			path = Models;
			sourceTree = "<group>";
		};
		52A3F76A280DD60A0012277E /* Constants */ = {
			isa = PBXGroup;
			children = (
				52A3F764280DD3980012277E /* NetworkConstants.swift */,
			);
			path = Constants;
			sourceTree = "<group>";
		};
		52A3F76C280DD61A0012277E /* Endpoints */ = {
			isa = PBXGroup;
			children = (
				52A3F76D280DD6350012277E /* ShiftEndpoints.swift */,
				52A3F76F280DD6ED0012277E /* Endpoint.swift */,
			);
			path = Endpoints;
			sourceTree = "<group>";
		};
		52A3F772280DD7C10012277E /* Enums */ = {
			isa = PBXGroup;
			children = (
				52A3F773280DD7D90012277E /* HTTPMethod.swift */,
				52A3F7832810273D0012277E /* HTTPStatusCodes.swift */,
			);
			path = Enums;
			sourceTree = "<group>";
		};
		52A3F777281023280012277E /* Extensions */ = {
			isa = PBXGroup;
			children = (
				52A3F7B5281099B40012277E /* SwiftUI */,
				52A3F7782810233A0012277E /* Error+Extension.swift */,
				526E03BB28116E67005FA78C /* Date+Extension.swift */,
				526E03BD28116F99005FA78C /* String+Extension.swift */,
				526E03C528117146005FA78C /* Encodable+Extension.swift */,
			);
			path = Extensions;
			sourceTree = "<group>";
		};
		52A3F77A281023880012277E /* Errors */ = {
			isa = PBXGroup;
			children = (
				52A3F77B281023A80012277E /* ServerError.swift */,
				52A3F77D281023ED0012277E /* FailedResponse.swift */,
			);
			path = Errors;
			sourceTree = "<group>";
		};
		52A3F77F281024990012277E /* Shared */ = {
			isa = PBXGroup;
			children = (
				52A3F794281052B00012277E /* Generated */,
				52A3F777281023280012277E /* Extensions */,
				52A3F78B28102CF50012277E /* Typealiases.swift */,
			);
			path = Shared;
			sourceTree = "<group>";
		};
		52A3F78728102BE70012277E /* Resources */ = {
			isa = PBXGroup;
			children = (
				2349FD60261E4F6A00A1FEAA /* Preview Content */,
				2349FD63261E4F6A00A1FEAA /* Info.plist */,
				52A3F78528102BD70012277E /* Localizable.strings */,
				2349FD5E261E4F6A00A1FEAA /* Assets.xcassets */,
				526E03CD2811C769005FA78C /* Colors.xcassets */,
			);
			path = Resources;
			sourceTree = "<group>";
		};
		52A3F794281052B00012277E /* Generated */ = {
			isa = PBXGroup;
			children = (
				52A3F7952810569E0012277E /* R.generated.swift */,
			);
			path = Generated;
			sourceTree = "<group>";
		};
		52A3F79728105A8D0012277E /* Repositories */ = {
			isa = PBXGroup;
			children = (
				52A3F79828105ABD0012277E /* ShiftRepository.swift */,
			);
			path = Repositories;
			sourceTree = "<group>";
		};
		52A3F79A28105D530012277E /* Application */ = {
			isa = PBXGroup;
			children = (
				52A3F79B28105D6E0012277E /* DI */,
				52A3F7A5281095B00012277E /* AppDelegate.swift */,
				52A3F7A7281095F70012277E /* SceneDelegate.swift */,
				52A3F7A9281097650012277E /* WindowController.swift */,
			);
			path = Application;
			sourceTree = "<group>";
		};
		52A3F79B28105D6E0012277E /* DI */ = {
			isa = PBXGroup;
			children = (
				52A3F7AC2810981A0012277E /* Factories */,
				52A3F7A028105F620012277E /* Assemblies */,
				52A3F79C28105D7D0012277E /* Assembler.swift */,
			);
			path = DI;
			sourceTree = "<group>";
		};
		52A3F7A028105F620012277E /* Assemblies */ = {
			isa = PBXGroup;
			children = (
				52A3F7A1281093A90012277E /* NetworkServicesAssembly.swift */,
				52A3F7A3281094E60012277E /* RepositoriesAssembly.swift */,
				52A3F7BC28109A720012277E /* ModuleFactoriesAssembly.swift */,
				52A3F7BE28109B200012277E /* AppModuleAssembly.swift */,
			);
			path = Assemblies;
			sourceTree = "<group>";
		};
		52A3F7AC2810981A0012277E /* Factories */ = {
			isa = PBXGroup;
			children = (
				52A3F7AF281098580012277E /* ModuleFactories */,
				52A3F7AD2810983E0012277E /* DIFactory.swift */,
			);
			path = Factories;
			sourceTree = "<group>";
		};
		52A3F7AF281098580012277E /* ModuleFactories */ = {
			isa = PBXGroup;
			children = (
				52A3F7B0281098B10012277E /* ShiftModuleFactory.swift */,
			);
			path = ModuleFactories;
			sourceTree = "<group>";
		};
		52A3F7B22810994B0012277E /* Helpers */ = {
			isa = PBXGroup;
			children = (
				52A3F7B3281099580012277E /* HostingController.swift */,
			);
			path = Helpers;
			sourceTree = "<group>";
		};
		52A3F7B5281099B40012277E /* SwiftUI */ = {
			isa = PBXGroup;
			children = (
				526E03CF2811CE0D005FA78C /* Color+Extension.swift */,
				526E03E02812FDD7005FA78C /* ColorResource+Extension.swift */,
				526E03D428120486005FA78C /* ImageResource+Extension.swift */,
				52A3F7B6281099C30012277E /* View+Extension.swift */,
			);
			path = SwiftUI;
			sourceTree = "<group>";
		};
		52A3F7B828109A130012277E /* Modules */ = {
			isa = PBXGroup;
			children = (
				526E03D62812DF6B005FA78C /* ShiftDetails */,
				52A3F7BB28109A3D0012277E /* Shifts */,
			);
			path = Modules;
			sourceTree = "<group>";
		};
		52A3F7BB28109A3D0012277E /* Shifts */ = {
			isa = PBXGroup;
			children = (
				526E03CA2811C6AF005FA78C /* Views */,
				52A3F7C12810A6470012277E /* ShiftsViewModel.swift */,
				526E039C28114CEB005FA78C /* ShiftsViewState.swift */,
			);
			path = Shifts;
			sourceTree = "<group>";
		};
		57B11775E8AB6E3527D14036 /* Pods */ = {
			isa = PBXGroup;
			children = (
				26EE87A609785FF88FBA1866 /* Pods-CodingChallenge.debug.xcconfig */,
				2D23BB9DF8765BA43A5AAE95 /* Pods-CodingChallenge.release.xcconfig */,
				F9A3830ABC95EF1621B48551 /* Pods-CodingChallenge-CodingChallengeUITests.debug.xcconfig */,
				47A72548288882C1373F2779 /* Pods-CodingChallenge-CodingChallengeUITests.release.xcconfig */,
				579C520C10E2A11C529D62D0 /* Pods-CodingChallengeTests.debug.xcconfig */,
				290D53AD26FF6AD8E5E5F368 /* Pods-CodingChallengeTests.release.xcconfig */,
			);
			path = Pods;
			sourceTree = "<group>";
		};
/* End PBXGroup section */

/* Begin PBXNativeTarget section */
		2349FD56261E4F6900A1FEAA /* CodingChallenge */ = {
			isa = PBXNativeTarget;
			buildConfigurationList = 2349FD7C261E4F6A00A1FEAA /* Build configuration list for PBXNativeTarget "CodingChallenge" */;
			buildPhases = (
				A5160B1D2F3C535BE4D29622 /* [CP] Check Pods Manifest.lock */,
				52A3F7C02810A2250012277E /* Run Swiftlint */,
				52A3F793281052420012277E /* Run R.swift */,
				2349FD53261E4F6900A1FEAA /* Sources */,
				2349FD54261E4F6900A1FEAA /* Frameworks */,
				2349FD55261E4F6900A1FEAA /* Resources */,
				D5DAD9CB7E2C2C7DE65B11EB /* [CP] Embed Pods Frameworks */,
			);
			buildRules = (
			);
			dependencies = (
			);
			name = CodingChallenge;
			packageProductDependencies = (
			);
			productName = CodingChallenge;
			productReference = 2349FD57261E4F6900A1FEAA /* CodingChallenge.app */;
			productType = "com.apple.product-type.application";
		};
		2349FD67261E4F6A00A1FEAA /* CodingChallengeTests */ = {
			isa = PBXNativeTarget;
			buildConfigurationList = 2349FD7F261E4F6A00A1FEAA /* Build configuration list for PBXNativeTarget "CodingChallengeTests" */;
			buildPhases = (
				1F07140154003665D17A4F5E /* [CP] Check Pods Manifest.lock */,
				2349FD64261E4F6A00A1FEAA /* Sources */,
				2349FD65261E4F6A00A1FEAA /* Frameworks */,
				2349FD66261E4F6A00A1FEAA /* Resources */,
			);
			buildRules = (
			);
			dependencies = (
				2349FD6A261E4F6A00A1FEAA /* PBXTargetDependency */,
			);
			name = CodingChallengeTests;
			productName = CodingChallengeTests;
			productReference = 2349FD68261E4F6A00A1FEAA /* CodingChallengeTests.xctest */;
			productType = "com.apple.product-type.bundle.unit-test";
		};
		2349FD72261E4F6A00A1FEAA /* CodingChallengeUITests */ = {
			isa = PBXNativeTarget;
			buildConfigurationList = 2349FD82261E4F6A00A1FEAA /* Build configuration list for PBXNativeTarget "CodingChallengeUITests" */;
			buildPhases = (
				E9BEF2C8C4496D9C1D360ECF /* [CP] Check Pods Manifest.lock */,
				2349FD6F261E4F6A00A1FEAA /* Sources */,
				2349FD70261E4F6A00A1FEAA /* Frameworks */,
				2349FD71261E4F6A00A1FEAA /* Resources */,
				305DCCA7BB3675302616A7B9 /* [CP] Embed Pods Frameworks */,
			);
			buildRules = (
			);
			dependencies = (
				2349FD75261E4F6A00A1FEAA /* PBXTargetDependency */,
			);
			name = CodingChallengeUITests;
			productName = CodingChallengeUITests;
			productReference = 2349FD73261E4F6A00A1FEAA /* CodingChallengeUITests.xctest */;
			productType = "com.apple.product-type.bundle.ui-testing";
		};
/* End PBXNativeTarget section */

/* Begin PBXProject section */
		2349FD4F261E4F6900A1FEAA /* Project object */ = {
			isa = PBXProject;
			attributes = {
				LastSwiftUpdateCheck = 1240;
				LastUpgradeCheck = 1240;
				TargetAttributes = {
					2349FD56261E4F6900A1FEAA = {
						CreatedOnToolsVersion = 12.4;
					};
					2349FD67261E4F6A00A1FEAA = {
						CreatedOnToolsVersion = 12.4;
						TestTargetID = 2349FD56261E4F6900A1FEAA;
					};
					2349FD72261E4F6A00A1FEAA = {
						CreatedOnToolsVersion = 12.4;
						TestTargetID = 2349FD56261E4F6900A1FEAA;
					};
				};
			};
			buildConfigurationList = 2349FD52261E4F6900A1FEAA /* Build configuration list for PBXProject "CodingChallenge" */;
			compatibilityVersion = "Xcode 9.3";
			developmentRegion = en;
			hasScannedForEncodings = 0;
			knownRegions = (
				en,
				Base,
			);
			mainGroup = 2349FD4E261E4F6900A1FEAA;
			packageReferences = (
			);
			productRefGroup = 2349FD58261E4F6900A1FEAA /* Products */;
			projectDirPath = "";
			projectRoot = "";
			targets = (
				2349FD56261E4F6900A1FEAA /* CodingChallenge */,
				2349FD67261E4F6A00A1FEAA /* CodingChallengeTests */,
				2349FD72261E4F6A00A1FEAA /* CodingChallengeUITests */,
			);
		};
/* End PBXProject section */

/* Begin PBXResourcesBuildPhase section */
		2349FD55261E4F6900A1FEAA /* Resources */ = {
			isa = PBXResourcesBuildPhase;
			buildActionMask = 2147483647;
			files = (
				2349FD62261E4F6A00A1FEAA /* Preview Assets.xcassets in Resources */,
				526E03CE2811C769005FA78C /* Colors.xcassets in Resources */,
				52A3F78628102BD70012277E /* Localizable.strings in Resources */,
				2349FD5F261E4F6A00A1FEAA /* Assets.xcassets in Resources */,
			);
			runOnlyForDeploymentPostprocessing = 0;
		};
		2349FD66261E4F6A00A1FEAA /* Resources */ = {
			isa = PBXResourcesBuildPhase;
			buildActionMask = 2147483647;
			files = (
			);
			runOnlyForDeploymentPostprocessing = 0;
		};
		2349FD71261E4F6A00A1FEAA /* Resources */ = {
			isa = PBXResourcesBuildPhase;
			buildActionMask = 2147483647;
			files = (
			);
			runOnlyForDeploymentPostprocessing = 0;
		};
/* End PBXResourcesBuildPhase section */

/* Begin PBXShellScriptBuildPhase section */
		1F07140154003665D17A4F5E /* [CP] Check Pods Manifest.lock */ = {
			isa = PBXShellScriptBuildPhase;
			buildActionMask = 2147483647;
			files = (
			);
			inputFileListPaths = (
			);
			inputPaths = (
				"${PODS_PODFILE_DIR_PATH}/Podfile.lock",
				"${PODS_ROOT}/Manifest.lock",
			);
			name = "[CP] Check Pods Manifest.lock";
			outputFileListPaths = (
			);
			outputPaths = (
				"$(DERIVED_FILE_DIR)/Pods-CodingChallengeTests-checkManifestLockResult.txt",
			);
			runOnlyForDeploymentPostprocessing = 0;
			shellPath = /bin/sh;
			shellScript = "diff \"${PODS_PODFILE_DIR_PATH}/Podfile.lock\" \"${PODS_ROOT}/Manifest.lock\" > /dev/null\nif [ $? != 0 ] ; then\n    # print error to STDERR\n    echo \"error: The sandbox is not in sync with the Podfile.lock. Run 'pod install' or update your CocoaPods installation.\" >&2\n    exit 1\nfi\n# This output is used by Xcode 'outputs' to avoid re-running this script phase.\necho \"SUCCESS\" > \"${SCRIPT_OUTPUT_FILE_0}\"\n";
			showEnvVarsInLog = 0;
		};
		305DCCA7BB3675302616A7B9 /* [CP] Embed Pods Frameworks */ = {
			isa = PBXShellScriptBuildPhase;
			buildActionMask = 2147483647;
			files = (
			);
			inputFileListPaths = (
				"${PODS_ROOT}/Target Support Files/Pods-CodingChallenge-CodingChallengeUITests/Pods-CodingChallenge-CodingChallengeUITests-frameworks-${CONFIGURATION}-input-files.xcfilelist",
			);
			name = "[CP] Embed Pods Frameworks";
			outputFileListPaths = (
				"${PODS_ROOT}/Target Support Files/Pods-CodingChallenge-CodingChallengeUITests/Pods-CodingChallenge-CodingChallengeUITests-frameworks-${CONFIGURATION}-output-files.xcfilelist",
			);
			runOnlyForDeploymentPostprocessing = 0;
			shellPath = /bin/sh;
			shellScript = "\"${PODS_ROOT}/Target Support Files/Pods-CodingChallenge-CodingChallengeUITests/Pods-CodingChallenge-CodingChallengeUITests-frameworks.sh\"\n";
			showEnvVarsInLog = 0;
		};
		52A3F793281052420012277E /* Run R.swift */ = {
			isa = PBXShellScriptBuildPhase;
			buildActionMask = 2147483647;
			files = (
			);
			inputFileListPaths = (
			);
			inputPaths = (
			);
			name = "Run R.swift";
			outputFileListPaths = (
			);
			outputPaths = (
				"${SRCROOT}/CodingChallenge/Shared/Generated/R.generated.swift",
			);
			runOnlyForDeploymentPostprocessing = 0;
			shellPath = /bin/sh;
			shellScript = "${PODS_ROOT}/R.swift/rswift generate \"${SRCROOT}/CodingChallenge/Shared/Generated/R.generated.swift\"\n";
		};
		52A3F7C02810A2250012277E /* Run Swiftlint */ = {
			isa = PBXShellScriptBuildPhase;
			buildActionMask = 2147483647;
			files = (
			);
			inputFileListPaths = (
			);
			inputPaths = (
			);
			name = "Run Swiftlint";
			outputFileListPaths = (
			);
			outputPaths = (
			);
			runOnlyForDeploymentPostprocessing = 0;
			shellPath = /bin/sh;
			shellScript = "\"${PODS_ROOT}/SwiftLint/swiftlint\" --config swiftlint.yml\n";
		};
		A5160B1D2F3C535BE4D29622 /* [CP] Check Pods Manifest.lock */ = {
			isa = PBXShellScriptBuildPhase;
			buildActionMask = 2147483647;
			files = (
			);
			inputFileListPaths = (
			);
			inputPaths = (
				"${PODS_PODFILE_DIR_PATH}/Podfile.lock",
				"${PODS_ROOT}/Manifest.lock",
			);
			name = "[CP] Check Pods Manifest.lock";
			outputFileListPaths = (
			);
			outputPaths = (
				"$(DERIVED_FILE_DIR)/Pods-CodingChallenge-checkManifestLockResult.txt",
			);
			runOnlyForDeploymentPostprocessing = 0;
			shellPath = /bin/sh;
			shellScript = "diff \"${PODS_PODFILE_DIR_PATH}/Podfile.lock\" \"${PODS_ROOT}/Manifest.lock\" > /dev/null\nif [ $? != 0 ] ; then\n    # print error to STDERR\n    echo \"error: The sandbox is not in sync with the Podfile.lock. Run 'pod install' or update your CocoaPods installation.\" >&2\n    exit 1\nfi\n# This output is used by Xcode 'outputs' to avoid re-running this script phase.\necho \"SUCCESS\" > \"${SCRIPT_OUTPUT_FILE_0}\"\n";
			showEnvVarsInLog = 0;
		};
		D5DAD9CB7E2C2C7DE65B11EB /* [CP] Embed Pods Frameworks */ = {
			isa = PBXShellScriptBuildPhase;
			buildActionMask = 2147483647;
			files = (
			);
			inputFileListPaths = (
				"${PODS_ROOT}/Target Support Files/Pods-CodingChallenge/Pods-CodingChallenge-frameworks-${CONFIGURATION}-input-files.xcfilelist",
			);
			name = "[CP] Embed Pods Frameworks";
			outputFileListPaths = (
				"${PODS_ROOT}/Target Support Files/Pods-CodingChallenge/Pods-CodingChallenge-frameworks-${CONFIGURATION}-output-files.xcfilelist",
			);
			runOnlyForDeploymentPostprocessing = 0;
			shellPath = /bin/sh;
			shellScript = "\"${PODS_ROOT}/Target Support Files/Pods-CodingChallenge/Pods-CodingChallenge-frameworks.sh\"\n";
			showEnvVarsInLog = 0;
		};
		E9BEF2C8C4496D9C1D360ECF /* [CP] Check Pods Manifest.lock */ = {
			isa = PBXShellScriptBuildPhase;
			buildActionMask = 2147483647;
			files = (
			);
			inputFileListPaths = (
			);
			inputPaths = (
				"${PODS_PODFILE_DIR_PATH}/Podfile.lock",
				"${PODS_ROOT}/Manifest.lock",
			);
			name = "[CP] Check Pods Manifest.lock";
			outputFileListPaths = (
			);
			outputPaths = (
				"$(DERIVED_FILE_DIR)/Pods-CodingChallenge-CodingChallengeUITests-checkManifestLockResult.txt",
			);
			runOnlyForDeploymentPostprocessing = 0;
			shellPath = /bin/sh;
			shellScript = "diff \"${PODS_PODFILE_DIR_PATH}/Podfile.lock\" \"${PODS_ROOT}/Manifest.lock\" > /dev/null\nif [ $? != 0 ] ; then\n    # print error to STDERR\n    echo \"error: The sandbox is not in sync with the Podfile.lock. Run 'pod install' or update your CocoaPods installation.\" >&2\n    exit 1\nfi\n# This output is used by Xcode 'outputs' to avoid re-running this script phase.\necho \"SUCCESS\" > \"${SCRIPT_OUTPUT_FILE_0}\"\n";
			showEnvVarsInLog = 0;
		};
/* End PBXShellScriptBuildPhase section */

/* Begin PBXSourcesBuildPhase section */
		2349FD53261E4F6900A1FEAA /* Sources */ = {
			isa = PBXSourcesBuildPhase;
			buildActionMask = 2147483647;
			files = (
				52A3F7BD28109A720012277E /* ModuleFactoriesAssembly.swift in Sources */,
				526E03D82812F0E3005FA78C /* ShiftDetailsViewModel.swift in Sources */,
				526E03C628117146005FA78C /* Encodable+Extension.swift in Sources */,
				52A3F770280DD6ED0012277E /* Endpoint.swift in Sources */,
				526E03BC28116E67005FA78C /* Date+Extension.swift in Sources */,
				52A3F7962810569E0012277E /* R.generated.swift in Sources */,
				526E03AF281166F9005FA78C /* ShiftSkillResponseModel.swift in Sources */,
				526E03A028114FA3005FA78C /* ShiftsViewModelPreviewMock.swift in Sources */,
				52A3F7A6281095B00012277E /* AppDelegate.swift in Sources */,
				526E03E528143923005FA78C /* ShiftModuleFactoryMock.swift in Sources */,
				526E03DD2812F642005FA78C /* ShiftDetailsViewModelPreviewMock.swift in Sources */,
				526E03CC2811C6C9005FA78C /* ShiftListCellView.swift in Sources */,
				52A3F7A2281093A90012277E /* NetworkServicesAssembly.swift in Sources */,
				526E03BE28116F99005FA78C /* String+Extension.swift in Sources */,
				526E03D528120486005FA78C /* ImageResource+Extension.swift in Sources */,
				52A3F769280DD57E0012277E /* NetworkService.swift in Sources */,
				526E03B728116C12005FA78C /* GetShiftsRequestModel.swift in Sources */,
				526E03D22811FE78005FA78C /* ErrorView.swift in Sources */,
				52A3F76E280DD6350012277E /* ShiftEndpoints.swift in Sources */,
				52A3F7B7281099C30012277E /* View+Extension.swift in Sources */,
				52A3F7792810233A0012277E /* Error+Extension.swift in Sources */,
				52A3F7B1281098B10012277E /* ShiftModuleFactory.swift in Sources */,
				526E03BA28116E26005FA78C /* CustomDateDecoder.swift in Sources */,
				52A3F7A4281094E60012277E /* RepositoriesAssembly.swift in Sources */,
				526E03A928116566005FA78C /* DailyShiftsResponseModel.swift in Sources */,
				52A3F77C281023A80012277E /* ServerError.swift in Sources */,
				52A3F7AA281097650012277E /* WindowController.swift in Sources */,
				52A3F77E281023ED0012277E /* FailedResponse.swift in Sources */,
				52A3F79D28105D7D0012277E /* Assembler.swift in Sources */,
				526E03AB2811659D005FA78C /* ShiftResponseModel.swift in Sources */,
				52A3F765280DD3980012277E /* NetworkConstants.swift in Sources */,
				526E03C128117026005FA78C /* JSONCoder.swift in Sources */,
				52A3F7BF28109B200012277E /* AppModuleAssembly.swift in Sources */,
				526E03DF2812FB7D005FA78C /* InformationRowView.swift in Sources */,
				52A3F79928105ABD0012277E /* ShiftRepository.swift in Sources */,
				526E03E12812FDD7005FA78C /* ColorResource+Extension.swift in Sources */,
				526E03B328116821005FA78C /* ShiftSpecialtyResponseModel.swift in Sources */,
				526E03B12811675F005FA78C /* ShiftLocalizedSpecialtyResponseModel.swift in Sources */,
				526E03DB2812F507005FA78C /* ShiftDetailsView.swift in Sources */,
				526E03C8281171FC005FA78C /* QueryEncodableRequest.swift in Sources */,
				526E03A728115DF8005FA78C /* ShiftsResponseModel.swift in Sources */,
				526E03AD28116686005FA78C /* ShiftFacilityTypeResponseModel.swift in Sources */,
				52A3F7AE2810983E0012277E /* DIFactory.swift in Sources */,
				526E039D28114CEB005FA78C /* ShiftsViewState.swift in Sources */,
				52A3F78C28102CF50012277E /* Typealiases.swift in Sources */,
				52A3F7B4281099580012277E /* HostingController.swift in Sources */,
				526E03C4281170E5005FA78C /* ParametersConvertible.swift in Sources */,
				52A3F7C22810A6470012277E /* ShiftsViewModel.swift in Sources */,
				52A3F7A8281095F70012277E /* SceneDelegate.swift in Sources */,
				526E03A32811521C005FA78C /* LoadingView.swift in Sources */,
				52A3F774280DD7D90012277E /* HTTPMethod.swift in Sources */,
				526E03E728144ACB005FA78C /* ShiftType.swift in Sources */,
				2349FD89261E4F9900A1FEAA /* ShiftsView.swift in Sources */,
				52A3F7842810273D0012277E /* HTTPStatusCodes.swift in Sources */,
				526E03D02811CE0D005FA78C /* Color+Extension.swift in Sources */,
			);
			runOnlyForDeploymentPostprocessing = 0;
		};
		2349FD64261E4F6A00A1FEAA /* Sources */ = {
			isa = PBXSourcesBuildPhase;
			buildActionMask = 2147483647;
			files = (
				2349FD6D261E4F6A00A1FEAA /* CodingChallengeTests.swift in Sources */,
			);
			runOnlyForDeploymentPostprocessing = 0;
		};
		2349FD6F261E4F6A00A1FEAA /* Sources */ = {
			isa = PBXSourcesBuildPhase;
			buildActionMask = 2147483647;
			files = (
				2349FD78261E4F6A00A1FEAA /* CodingChallengeUITests.swift in Sources */,
			);
			runOnlyForDeploymentPostprocessing = 0;
		};
/* End PBXSourcesBuildPhase section */

/* Begin PBXTargetDependency section */
		2349FD6A261E4F6A00A1FEAA /* PBXTargetDependency */ = {
			isa = PBXTargetDependency;
			target = 2349FD56261E4F6900A1FEAA /* CodingChallenge */;
			targetProxy = 2349FD69261E4F6A00A1FEAA /* PBXContainerItemProxy */;
		};
		2349FD75261E4F6A00A1FEAA /* PBXTargetDependency */ = {
			isa = PBXTargetDependency;
			target = 2349FD56261E4F6900A1FEAA /* CodingChallenge */;
			targetProxy = 2349FD74261E4F6A00A1FEAA /* PBXContainerItemProxy */;
		};
/* End PBXTargetDependency section */

/* Begin XCBuildConfiguration section */
		2349FD7A261E4F6A00A1FEAA /* Debug */ = {
			isa = XCBuildConfiguration;
			buildSettings = {
				ALWAYS_SEARCH_USER_PATHS = NO;
				CLANG_ANALYZER_NONNULL = YES;
				CLANG_ANALYZER_NUMBER_OBJECT_CONVERSION = YES_AGGRESSIVE;
				CLANG_CXX_LANGUAGE_STANDARD = "gnu++14";
				CLANG_CXX_LIBRARY = "libc++";
				CLANG_ENABLE_MODULES = YES;
				CLANG_ENABLE_OBJC_ARC = YES;
				CLANG_ENABLE_OBJC_WEAK = YES;
				CLANG_WARN_BLOCK_CAPTURE_AUTORELEASING = YES;
				CLANG_WARN_BOOL_CONVERSION = YES;
				CLANG_WARN_COMMA = YES;
				CLANG_WARN_CONSTANT_CONVERSION = YES;
				CLANG_WARN_DEPRECATED_OBJC_IMPLEMENTATIONS = YES;
				CLANG_WARN_DIRECT_OBJC_ISA_USAGE = YES_ERROR;
				CLANG_WARN_DOCUMENTATION_COMMENTS = YES;
				CLANG_WARN_EMPTY_BODY = YES;
				CLANG_WARN_ENUM_CONVERSION = YES;
				CLANG_WARN_INFINITE_RECURSION = YES;
				CLANG_WARN_INT_CONVERSION = YES;
				CLANG_WARN_NON_LITERAL_NULL_CONVERSION = YES;
				CLANG_WARN_OBJC_IMPLICIT_RETAIN_SELF = YES;
				CLANG_WARN_OBJC_LITERAL_CONVERSION = YES;
				CLANG_WARN_OBJC_ROOT_CLASS = YES_ERROR;
				CLANG_WARN_QUOTED_INCLUDE_IN_FRAMEWORK_HEADER = YES;
				CLANG_WARN_RANGE_LOOP_ANALYSIS = YES;
				CLANG_WARN_STRICT_PROTOTYPES = YES;
				CLANG_WARN_SUSPICIOUS_MOVE = YES;
				CLANG_WARN_UNGUARDED_AVAILABILITY = YES_AGGRESSIVE;
				CLANG_WARN_UNREACHABLE_CODE = YES;
				CLANG_WARN__DUPLICATE_METHOD_MATCH = YES;
				COPY_PHASE_STRIP = NO;
				DEBUG_INFORMATION_FORMAT = dwarf;
				ENABLE_STRICT_OBJC_MSGSEND = YES;
				ENABLE_TESTABILITY = YES;
				GCC_C_LANGUAGE_STANDARD = gnu11;
				GCC_DYNAMIC_NO_PIC = NO;
				GCC_NO_COMMON_BLOCKS = YES;
				GCC_OPTIMIZATION_LEVEL = 0;
				GCC_PREPROCESSOR_DEFINITIONS = (
					"DEBUG=1",
					"$(inherited)",
				);
				GCC_WARN_64_TO_32_BIT_CONVERSION = YES;
				GCC_WARN_ABOUT_RETURN_TYPE = YES_ERROR;
				GCC_WARN_UNDECLARED_SELECTOR = YES;
				GCC_WARN_UNINITIALIZED_AUTOS = YES_AGGRESSIVE;
				GCC_WARN_UNUSED_FUNCTION = YES;
				GCC_WARN_UNUSED_VARIABLE = YES;
				IPHONEOS_DEPLOYMENT_TARGET = 15.0;
				MTL_ENABLE_DEBUG_INFO = INCLUDE_SOURCE;
				MTL_FAST_MATH = YES;
				ONLY_ACTIVE_ARCH = YES;
				SDKROOT = iphoneos;
				SWIFT_ACTIVE_COMPILATION_CONDITIONS = DEBUG;
				SWIFT_OPTIMIZATION_LEVEL = "-Onone";
			};
			name = Debug;
		};
		2349FD7B261E4F6A00A1FEAA /* Release */ = {
			isa = XCBuildConfiguration;
			buildSettings = {
				ALWAYS_SEARCH_USER_PATHS = NO;
				CLANG_ANALYZER_NONNULL = YES;
				CLANG_ANALYZER_NUMBER_OBJECT_CONVERSION = YES_AGGRESSIVE;
				CLANG_CXX_LANGUAGE_STANDARD = "gnu++14";
				CLANG_CXX_LIBRARY = "libc++";
				CLANG_ENABLE_MODULES = YES;
				CLANG_ENABLE_OBJC_ARC = YES;
				CLANG_ENABLE_OBJC_WEAK = YES;
				CLANG_WARN_BLOCK_CAPTURE_AUTORELEASING = YES;
				CLANG_WARN_BOOL_CONVERSION = YES;
				CLANG_WARN_COMMA = YES;
				CLANG_WARN_CONSTANT_CONVERSION = YES;
				CLANG_WARN_DEPRECATED_OBJC_IMPLEMENTATIONS = YES;
				CLANG_WARN_DIRECT_OBJC_ISA_USAGE = YES_ERROR;
				CLANG_WARN_DOCUMENTATION_COMMENTS = YES;
				CLANG_WARN_EMPTY_BODY = YES;
				CLANG_WARN_ENUM_CONVERSION = YES;
				CLANG_WARN_INFINITE_RECURSION = YES;
				CLANG_WARN_INT_CONVERSION = YES;
				CLANG_WARN_NON_LITERAL_NULL_CONVERSION = YES;
				CLANG_WARN_OBJC_IMPLICIT_RETAIN_SELF = YES;
				CLANG_WARN_OBJC_LITERAL_CONVERSION = YES;
				CLANG_WARN_OBJC_ROOT_CLASS = YES_ERROR;
				CLANG_WARN_QUOTED_INCLUDE_IN_FRAMEWORK_HEADER = YES;
				CLANG_WARN_RANGE_LOOP_ANALYSIS = YES;
				CLANG_WARN_STRICT_PROTOTYPES = YES;
				CLANG_WARN_SUSPICIOUS_MOVE = YES;
				CLANG_WARN_UNGUARDED_AVAILABILITY = YES_AGGRESSIVE;
				CLANG_WARN_UNREACHABLE_CODE = YES;
				CLANG_WARN__DUPLICATE_METHOD_MATCH = YES;
				COPY_PHASE_STRIP = NO;
				DEBUG_INFORMATION_FORMAT = "dwarf-with-dsym";
				ENABLE_NS_ASSERTIONS = NO;
				ENABLE_STRICT_OBJC_MSGSEND = YES;
				GCC_C_LANGUAGE_STANDARD = gnu11;
				GCC_NO_COMMON_BLOCKS = YES;
				GCC_WARN_64_TO_32_BIT_CONVERSION = YES;
				GCC_WARN_ABOUT_RETURN_TYPE = YES_ERROR;
				GCC_WARN_UNDECLARED_SELECTOR = YES;
				GCC_WARN_UNINITIALIZED_AUTOS = YES_AGGRESSIVE;
				GCC_WARN_UNUSED_FUNCTION = YES;
				GCC_WARN_UNUSED_VARIABLE = YES;
				IPHONEOS_DEPLOYMENT_TARGET = 15.0;
				MTL_ENABLE_DEBUG_INFO = NO;
				MTL_FAST_MATH = YES;
				SDKROOT = iphoneos;
				SWIFT_COMPILATION_MODE = wholemodule;
				SWIFT_OPTIMIZATION_LEVEL = "-O";
				VALIDATE_PRODUCT = YES;
			};
			name = Release;
		};
		2349FD7D261E4F6A00A1FEAA /* Debug */ = {
			isa = XCBuildConfiguration;
			baseConfigurationReference = 26EE87A609785FF88FBA1866 /* Pods-CodingChallenge.debug.xcconfig */;
			buildSettings = {
				ASSETCATALOG_COMPILER_APPICON_NAME = AppIcon;
				ASSETCATALOG_COMPILER_GLOBAL_ACCENT_COLOR_NAME = AccentColor;
				CODE_SIGN_STYLE = Automatic;
				DEVELOPMENT_ASSET_PATHS = "\"CodingChallenge/Resources/Preview Content\"";
				DEVELOPMENT_TEAM = 7HRU3V63R2;
				ENABLE_PREVIEWS = YES;
				INFOPLIST_FILE = "$(SRCROOT)/CodingChallenge/Resources/Info.plist";
				IPHONEOS_DEPLOYMENT_TARGET = 15.0;
				LD_RUNPATH_SEARCH_PATHS = (
					"$(inherited)",
					"@executable_path/Frameworks",
				);
				PRODUCT_BUNDLE_IDENTIFIER = shiftkey.CodingChallenge;
				PRODUCT_NAME = "$(TARGET_NAME)";
				SWIFT_VERSION = 5.0;
				TARGETED_DEVICE_FAMILY = "1,2";
			};
			name = Debug;
		};
		2349FD7E261E4F6A00A1FEAA /* Release */ = {
			isa = XCBuildConfiguration;
			baseConfigurationReference = 2D23BB9DF8765BA43A5AAE95 /* Pods-CodingChallenge.release.xcconfig */;
			buildSettings = {
				ASSETCATALOG_COMPILER_APPICON_NAME = AppIcon;
				ASSETCATALOG_COMPILER_GLOBAL_ACCENT_COLOR_NAME = AccentColor;
				CODE_SIGN_STYLE = Automatic;
				DEVELOPMENT_ASSET_PATHS = "\"CodingChallenge/Resources/Preview Content\"";
				DEVELOPMENT_TEAM = 7HRU3V63R2;
				ENABLE_PREVIEWS = YES;
				INFOPLIST_FILE = "$(SRCROOT)/CodingChallenge/Resources/Info.plist";
				IPHONEOS_DEPLOYMENT_TARGET = 15.0;
				LD_RUNPATH_SEARCH_PATHS = (
					"$(inherited)",
					"@executable_path/Frameworks",
				);
				PRODUCT_BUNDLE_IDENTIFIER = shiftkey.CodingChallenge;
				PRODUCT_NAME = "$(TARGET_NAME)";
				SWIFT_VERSION = 5.0;
				TARGETED_DEVICE_FAMILY = "1,2";
			};
			name = Release;
		};
		2349FD80261E4F6A00A1FEAA /* Debug */ = {
			isa = XCBuildConfiguration;
			baseConfigurationReference = 579C520C10E2A11C529D62D0 /* Pods-CodingChallengeTests.debug.xcconfig */;
			buildSettings = {
				ALWAYS_EMBED_SWIFT_STANDARD_LIBRARIES = YES;
				BUNDLE_LOADER = "$(TEST_HOST)";
				CODE_SIGN_STYLE = Automatic;
				DEVELOPMENT_TEAM = 7HRU3V63R2;
				INFOPLIST_FILE = CodingChallengeTests/Info.plist;
				IPHONEOS_DEPLOYMENT_TARGET = 15.0;
				LD_RUNPATH_SEARCH_PATHS = (
					"$(inherited)",
					"@executable_path/Frameworks",
					"@loader_path/Frameworks",
				);
				PRODUCT_BUNDLE_IDENTIFIER = shiftkey.CodingChallengeTests;
				PRODUCT_NAME = "$(TARGET_NAME)";
				SWIFT_VERSION = 5.0;
				TARGETED_DEVICE_FAMILY = "1,2";
				TEST_HOST = "$(BUILT_PRODUCTS_DIR)/CodingChallenge.app/CodingChallenge";
			};
			name = Debug;
		};
		2349FD81261E4F6A00A1FEAA /* Release */ = {
			isa = XCBuildConfiguration;
			baseConfigurationReference = 290D53AD26FF6AD8E5E5F368 /* Pods-CodingChallengeTests.release.xcconfig */;
			buildSettings = {
				ALWAYS_EMBED_SWIFT_STANDARD_LIBRARIES = YES;
				BUNDLE_LOADER = "$(TEST_HOST)";
				CODE_SIGN_STYLE = Automatic;
				DEVELOPMENT_TEAM = 7HRU3V63R2;
				INFOPLIST_FILE = CodingChallengeTests/Info.plist;
				IPHONEOS_DEPLOYMENT_TARGET = 15.0;
				LD_RUNPATH_SEARCH_PATHS = (
					"$(inherited)",
					"@executable_path/Frameworks",
					"@loader_path/Frameworks",
				);
				PRODUCT_BUNDLE_IDENTIFIER = shiftkey.CodingChallengeTests;
				PRODUCT_NAME = "$(TARGET_NAME)";
				SWIFT_VERSION = 5.0;
				TARGETED_DEVICE_FAMILY = "1,2";
				TEST_HOST = "$(BUILT_PRODUCTS_DIR)/CodingChallenge.app/CodingChallenge";
			};
			name = Release;
		};
		2349FD83261E4F6A00A1FEAA /* Debug */ = {
			isa = XCBuildConfiguration;
			baseConfigurationReference = F9A3830ABC95EF1621B48551 /* Pods-CodingChallenge-CodingChallengeUITests.debug.xcconfig */;
			buildSettings = {
				ALWAYS_EMBED_SWIFT_STANDARD_LIBRARIES = YES;
				CODE_SIGN_STYLE = Automatic;
				DEVELOPMENT_TEAM = 7HRU3V63R2;
				INFOPLIST_FILE = CodingChallengeUITests/Info.plist;
				LD_RUNPATH_SEARCH_PATHS = (
					"$(inherited)",
					"@executable_path/Frameworks",
					"@loader_path/Frameworks",
				);
				PRODUCT_BUNDLE_IDENTIFIER = shiftkey.CodingChallengeUITests;
				PRODUCT_NAME = "$(TARGET_NAME)";
				SWIFT_VERSION = 5.0;
				TARGETED_DEVICE_FAMILY = "1,2";
				TEST_TARGET_NAME = CodingChallenge;
			};
			name = Debug;
		};
		2349FD84261E4F6A00A1FEAA /* Release */ = {
			isa = XCBuildConfiguration;
			baseConfigurationReference = 47A72548288882C1373F2779 /* Pods-CodingChallenge-CodingChallengeUITests.release.xcconfig */;
			buildSettings = {
				ALWAYS_EMBED_SWIFT_STANDARD_LIBRARIES = YES;
				CODE_SIGN_STYLE = Automatic;
				DEVELOPMENT_TEAM = 7HRU3V63R2;
				INFOPLIST_FILE = CodingChallengeUITests/Info.plist;
				LD_RUNPATH_SEARCH_PATHS = (
					"$(inherited)",
					"@executable_path/Frameworks",
					"@loader_path/Frameworks",
				);
				PRODUCT_BUNDLE_IDENTIFIER = shiftkey.CodingChallengeUITests;
				PRODUCT_NAME = "$(TARGET_NAME)";
				SWIFT_VERSION = 5.0;
				TARGETED_DEVICE_FAMILY = "1,2";
				TEST_TARGET_NAME = CodingChallenge;
			};
			name = Release;
		};
/* End XCBuildConfiguration section */

/* Begin XCConfigurationList section */
		2349FD52261E4F6900A1FEAA /* Build configuration list for PBXProject "CodingChallenge" */ = {
			isa = XCConfigurationList;
			buildConfigurations = (
				2349FD7A261E4F6A00A1FEAA /* Debug */,
				2349FD7B261E4F6A00A1FEAA /* Release */,
			);
			defaultConfigurationIsVisible = 0;
			defaultConfigurationName = Release;
		};
		2349FD7C261E4F6A00A1FEAA /* Build configuration list for PBXNativeTarget "CodingChallenge" */ = {
			isa = XCConfigurationList;
			buildConfigurations = (
				2349FD7D261E4F6A00A1FEAA /* Debug */,
				2349FD7E261E4F6A00A1FEAA /* Release */,
			);
			defaultConfigurationIsVisible = 0;
			defaultConfigurationName = Release;
		};
		2349FD7F261E4F6A00A1FEAA /* Build configuration list for PBXNativeTarget "CodingChallengeTests" */ = {
			isa = XCConfigurationList;
			buildConfigurations = (
				2349FD80261E4F6A00A1FEAA /* Debug */,
				2349FD81261E4F6A00A1FEAA /* Release */,
			);
			defaultConfigurationIsVisible = 0;
			defaultConfigurationName = Release;
		};
		2349FD82261E4F6A00A1FEAA /* Build configuration list for PBXNativeTarget "CodingChallengeUITests" */ = {
			isa = XCConfigurationList;
			buildConfigurations = (
				2349FD83261E4F6A00A1FEAA /* Debug */,
				2349FD84261E4F6A00A1FEAA /* Release */,
			);
			defaultConfigurationIsVisible = 0;
			defaultConfigurationName = Release;
		};
/* End XCConfigurationList section */
	};
	rootObject = 2349FD4F261E4F6900A1FEAA /* Project object */;
}
